
Microsoft Visual Studio Solution File, Format Version 12.00
# Visual Studio Version 17
VisualStudioVersion = 17.8.34330.188
MinimumVisualStudioVersion = 10.0.40219.1
Project("{FAE04EC0-301F-11D3-BF4B-00C04F79EFBC}") = "WPF_UI_MVVM", "WPF_UI_MVVM\WPF_UI_MVVM.csproj", "{507B35D6-C7CE-4D1C-ABF9-1EE4C1B3A9EC}"
EndProject
Global
	GlobalSection(SolutionConfigurationPlatforms) = preSolution
		Debug|Any CPU = Debug|Any CPU
		Release|Any CPU = Release|Any CPU
	EndGlobalSection
	GlobalSection(ProjectConfigurationPlatforms) = postSolution
		{507B35D6-C7CE-4D1C-ABF9-1EE4C1B3A9EC}.Debug|Any CPU.ActiveCfg = Debug|Any CPU
		{507B35D6-C7CE-4D1C-ABF9-1EE4C1B3A9EC}.Debug|Any CPU.Build.0 = Debug|Any CPU
		{507B35D6-C7CE-4D1C-ABF9-1EE4C1B3A9EC}.Release|Any CPU.ActiveCfg = Release|Any CPU
		{507B35D6-C7CE-4D1C-ABF9-1EE4C1B3A9EC}.Release|Any CPU.Build.0 = Release|Any CPU
	EndGlobalSection
	GlobalSection(SolutionProperties) = preSolution
		HideSolutionNode = FALSE
	EndGlobalSection
	GlobalSection(ExtensibilityGlobals) = postSolution
		SolutionGuid = {568471CB-7DEF-481A-8B91-352229C9E5B6}
	EndGlobalSection
EndGlobal
